
Microsoft Visual Studio Solution File, Format Version 12.00
# Visual Studio Version 17
VisualStudioVersion = 17.6.33723.286
MinimumVisualStudioVersion = 10.0.40219.1
Project("{FAE04EC0-301F-11D3-BF4B-00C04F79EFBC}") = "TFP-FunnyGuns", "TFP-FunnyGuns\TFP-FunnyGuns.csproj", "{F3BECCB0-BF5B-463F-BF41-B61752551BBA}"
EndProject
Global
	GlobalSection(SolutionConfigurationPlatforms) = preSolution
		Debug|Any CPU = Debug|Any CPU
		Release|Any CPU = Release|Any CPU
	EndGlobalSection
	GlobalSection(ProjectConfigurationPlatforms) = postSolution
		{F3BECCB0-BF5B-463F-BF41-B61752551BBA}.Debug|Any CPU.ActiveCfg = Debug|Any CPU
		{F3BECCB0-BF5B-463F-BF41-B61752551BBA}.Debug|Any CPU.Build.0 = Debug|Any CPU
		{F3BECCB0-BF5B-463F-BF41-B61752551BBA}.Release|Any CPU.ActiveCfg = Release|Any CPU
		{F3BECCB0-BF5B-463F-BF41-B61752551BBA}.Release|Any CPU.Build.0 = Release|Any CPU
	EndGlobalSection
	GlobalSection(SolutionProperties) = preSolution
		HideSolutionNode = FALSE
	EndGlobalSection
	GlobalSection(ExtensibilityGlobals) = postSolution
		SolutionGuid = {CA73CEF2-0FD3-4B72-A67C-53BCA0E1216E}
	EndGlobalSection
EndGlobal
